
Microsoft Visual Studio Solution File, Format Version 12.00
# Visual Studio Version 16
VisualStudioVersion = 16.0.31729.503
MinimumVisualStudioVersion = 10.0.40219.1
Project("{FAE04EC0-301F-11D3-BF4B-00C04F79EFBC}") = "MutableImmutable", "MutableImmutable\MutableImmutable.csproj", "{47BCE972-945E-4A87-B0DA-405AD005925A}"
EndProject
Global
	GlobalSection(SolutionConfigurationPlatforms) = preSolution
		Debug|Any CPU = Debug|Any CPU
		Release|Any CPU = Release|Any CPU
	EndGlobalSection
	GlobalSection(ProjectConfigurationPlatforms) = postSolution
		{47BCE972-945E-4A87-B0DA-405AD005925A}.Debug|Any CPU.ActiveCfg = Debug|Any CPU
		{47BCE972-945E-4A87-B0DA-405AD005925A}.Debug|Any CPU.Build.0 = Debug|Any CPU
		{47BCE972-945E-4A87-B0DA-405AD005925A}.Release|Any CPU.ActiveCfg = Release|Any CPU
		{47BCE972-945E-4A87-B0DA-405AD005925A}.Release|Any CPU.Build.0 = Release|Any CPU
	EndGlobalSection
	GlobalSection(SolutionProperties) = preSolution
		HideSolutionNode = FALSE
	EndGlobalSection
	GlobalSection(ExtensibilityGlobals) = postSolution
		SolutionGuid = {BF210BE7-D48D-48CA-83C6-361E5278C2C9}
	EndGlobalSection
EndGlobal
